
Microsoft Visual Studio Solution File, Format Version 12.00
# Visual Studio Version 16
VisualStudioVersion = 16.0.30907.101
MinimumVisualStudioVersion = 10.0.40219.1
Project("{FAE04EC0-301F-11D3-BF4B-00C04F79EFBC}") = "BlockedPowerFULL", "BlockedPowerFULL.csproj", "{5A2B3141-7443-4C41-BE40-E713A4DE8795}"
EndProject
Global
	GlobalSection(SolutionConfigurationPlatforms) = preSolution
		Debug|Any CPU = Debug|Any CPU
		Release|Any CPU = Release|Any CPU
	EndGlobalSection
	GlobalSection(ProjectConfigurationPlatforms) = postSolution
		{5A2B3141-7443-4C41-BE40-E713A4DE8795}.Debug|Any CPU.ActiveCfg = Debug|Any CPU
		{5A2B3141-7443-4C41-BE40-E713A4DE8795}.Debug|Any CPU.Build.0 = Debug|Any CPU
		{5A2B3141-7443-4C41-BE40-E713A4DE8795}.Release|Any CPU.ActiveCfg = Release|Any CPU
		{5A2B3141-7443-4C41-BE40-E713A4DE8795}.Release|Any CPU.Build.0 = Release|Any CPU
	EndGlobalSection
	GlobalSection(SolutionProperties) = preSolution
		HideSolutionNode = FALSE
	EndGlobalSection
	GlobalSection(ExtensibilityGlobals) = postSolution
		SolutionGuid = {FED6FCF7-5E0D-4877-A360-8713CBFA7B12}
	EndGlobalSection
EndGlobal
